// !$*UTF8*$!
{
	archiveVersion = 1;
	classes = {
	};
	objectVersion = 51;
	objects = {

/* Begin PBXBuildFile section */
		A5629BAF224739D80054B0C4 /* AppDelegate.swift in Sources */ = {isa = PBXBuildFile; fileRef = A5629BAE224739D80054B0C4 /* AppDelegate.swift */; };
		A5629BB4224739DA0054B0C4 /* MainMenu.xib in Resources */ = {isa = PBXBuildFile; fileRef = A5629BB2224739DA0054B0C4 /* MainMenu.xib */; };
		A5629BBD22473A370054B0C4 /* DVDVideo360.png in Resources */ = {isa = PBXBuildFile; fileRef = A5629BBC22473A370054B0C4 /* DVDVideo360.png */; };
		A5629BBF22473BD50054B0C4 /* MovingLogo.swift in Sources */ = {isa = PBXBuildFile; fileRef = A5629BBE22473BD50054B0C4 /* MovingLogo.swift */; };
		A5629BC122474A970054B0C4 /* DVDScreenSaverView.swift in Sources */ = {isa = PBXBuildFile; fileRef = A5629BC022474A970054B0C4 /* DVDScreenSaverView.swift */; };
/* End PBXBuildFile section */

/* Begin PBXFileReference section */
		A5629BAB224739D80054B0C4 /* DVDScreenSaver-TestApp.app */ = {isa = PBXFileReference; explicitFileType = wrapper.application; includeInIndex = 0; path = "DVDScreenSaver-TestApp.app"; sourceTree = BUILT_PRODUCTS_DIR; };
		A5629BAE224739D80054B0C4 /* AppDelegate.swift */ = {isa = PBXFileReference; lastKnownFileType = sourcecode.swift; path = AppDelegate.swift; sourceTree = "<group>"; };
		A5629BB3224739DA0054B0C4 /* Base */ = {isa = PBXFileReference; lastKnownFileType = file.xib; name = Base; path = Base.lproj/MainMenu.xib; sourceTree = "<group>"; };
		A5629BB5224739DA0054B0C4 /* Info.plist */ = {isa = PBXFileReference; lastKnownFileType = text.plist.xml; path = Info.plist; sourceTree = "<group>"; };
		A5629BB6224739DA0054B0C4 /* DVDScreenSaver_TestApp.entitlements */ = {isa = PBXFileReference; lastKnownFileType = text.plist.entitlements; path = DVDScreenSaver_TestApp.entitlements; sourceTree = "<group>"; };
		A5629BBC22473A370054B0C4 /* DVDVideo360.png */ = {isa = PBXFileReference; lastKnownFileType = image.png; name = DVDVideo360.png; path = ../../SharedItems/DVDVideo360.png; sourceTree = "<group>"; };
		A5629BBE22473BD50054B0C4 /* MovingLogo.swift */ = {isa = PBXFileReference; lastKnownFileType = sourcecode.swift; path = MovingLogo.swift; sourceTree = SOURCE_ROOT; };
		A5629BC022474A970054B0C4 /* DVDScreenSaverView.swift */ = {isa = PBXFileReference; lastKnownFileType = sourcecode.swift; path = DVDScreenSaverView.swift; sourceTree = "<group>"; };
/* End PBXFileReference section */

/* Begin PBXFrameworksBuildPhase section */
		A5629BA8224739D80054B0C4 /* Frameworks */ = {
			isa = PBXFrameworksBuildPhase;
			buildActionMask = 2147483647;
			files = (
			);
			runOnlyForDeploymentPostprocessing = 0;
		};
/* End PBXFrameworksBuildPhase section */

/* Begin PBXGroup section */
		A5629BA2224739D80054B0C4 = {
			isa = PBXGroup;
			children = (
				A5629BAD224739D80054B0C4 /* DVDScreenSaver-TestApp */,
				A5629BAC224739D80054B0C4 /* Products */,
			);
			sourceTree = "<group>";
		};
		A5629BAC224739D80054B0C4 /* Products */ = {
			isa = PBXGroup;
			children = (
				A5629BAB224739D80054B0C4 /* DVDScreenSaver-TestApp.app */,
			);
			name = Products;
			sourceTree = "<group>";
		};
		A5629BAD224739D80054B0C4 /* DVDScreenSaver-TestApp */ = {
			isa = PBXGroup;
			children = (
				A5629BAE224739D80054B0C4 /* AppDelegate.swift */,
				A5629BBE22473BD50054B0C4 /* MovingLogo.swift */,
				A5629BC022474A970054B0C4 /* DVDScreenSaverView.swift */,
				A5629BB2224739DA0054B0C4 /* MainMenu.xib */,
				A5629BB5224739DA0054B0C4 /* Info.plist */,
				A5629BB6224739DA0054B0C4 /* DVDScreenSaver_TestApp.entitlements */,
				A5629BBC22473A370054B0C4 /* DVDVideo360.png */,
			);
			path = "DVDScreenSaver-TestApp";
			sourceTree = "<group>";
		};
/* End PBXGroup section */

/* Begin PBXNativeTarget section */
		A5629BAA224739D80054B0C4 /* DVDScreenSaver-TestApp */ = {
			isa = PBXNativeTarget;
			buildConfigurationList = A5629BB9224739DA0054B0C4 /* Build configuration list for PBXNativeTarget "DVDScreenSaver-TestApp" */;
			buildPhases = (
				A5629BA7224739D80054B0C4 /* Sources */,
				A5629BA8224739D80054B0C4 /* Frameworks */,
				A5629BA9224739D80054B0C4 /* Resources */,
			);
			buildRules = (
			);
			dependencies = (
			);
			name = "DVDScreenSaver-TestApp";
			productName = "DVDScreenSaver-TestApp";
			productReference = A5629BAB224739D80054B0C4 /* DVDScreenSaver-TestApp.app */;
			productType = "com.apple.product-type.application";
		};
/* End PBXNativeTarget section */

/* Begin PBXProject section */
		A5629BA3224739D80054B0C4 /* Project object */ = {
			isa = PBXProject;
			attributes = {
				LastSwiftUpdateCheck = 1010;
				LastUpgradeCheck = 1010;
				ORGANIZATIONNAME = "Kevin Wojniak";
				TargetAttributes = {
					A5629BAA224739D80054B0C4 = {
						CreatedOnToolsVersion = 10.1;
					};
				};
			};
			buildConfigurationList = A5629BA6224739D80054B0C4 /* Build configuration list for PBXProject "DVDScreenSaver" */;
			compatibilityVersion = "Xcode 10.0";
			developmentRegion = en;
			hasScannedForEncodings = 0;
			knownRegions = (
				en,
				Base,
			);
			mainGroup = A5629BA2224739D80054B0C4;
			productRefGroup = A5629BAC224739D80054B0C4 /* Products */;
			projectDirPath = "";
			projectRoot = "";
			targets = (
				A5629BAA224739D80054B0C4 /* DVDScreenSaver-TestApp */,
			);
		};
/* End PBXProject section */

/* Begin PBXResourcesBuildPhase section */
		A5629BA9224739D80054B0C4 /* Resources */ = {
			isa = PBXResourcesBuildPhase;
			buildActionMask = 2147483647;
			files = (
				A5629BBD22473A370054B0C4 /* DVDVideo360.png in Resources */,
				A5629BB4224739DA0054B0C4 /* MainMenu.xib in Resources */,
			);
			runOnlyForDeploymentPostprocessing = 0;
		};
/* End PBXResourcesBuildPhase section */

/* Begin PBXSourcesBuildPhase section */
		A5629BA7224739D80054B0C4 /* Sources */ = {
			isa = PBXSourcesBuildPhase;
			buildActionMask = 2147483647;
			files = (
				A5629BBF22473BD50054B0C4 /* MovingLogo.swift in Sources */,
				A5629BAF224739D80054B0C4 /* AppDelegate.swift in Sources */,
				A5629BC122474A970054B0C4 /* DVDScreenSaverView.swift in Sources */,
			);
			runOnlyForDeploymentPostprocessing = 0;
		};
/* End PBXSourcesBuildPhase section */

/* Begin PBXVariantGroup section */
		A5629BB2224739DA0054B0C4 /* MainMenu.xib */ = {
			isa = PBXVariantGroup;
			children = (
				A5629BB3224739DA0054B0C4 /* Base */,
			);
			name = MainMenu.xib;
			sourceTree = "<group>";
		};
/* End PBXVariantGroup section */

/* Begin XCBuildConfiguration section */
		A5629BB7224739DA0054B0C4 /* Debug */ = {
			isa = XCBuildConfiguration;
			buildSettings = {
				ALWAYS_SEARCH_USER_PATHS = NO;
				CLANG_ANALYZER_NONNULL = YES;
				CLANG_ANALYZER_NUMBER_OBJECT_CONVERSION = YES_AGGRESSIVE;
				CLANG_CXX_LANGUAGE_STANDARD = "gnu++14";
				CLANG_CXX_LIBRARY = "libc++";
				CLANG_ENABLE_MODULES = YES;
				CLANG_ENABLE_OBJC_ARC = YES;
				CLANG_ENABLE_OBJC_WEAK = YES;
				CLANG_WARN_BLOCK_CAPTURE_AUTORELEASING = YES;
				CLANG_WARN_BOOL_CONVERSION = YES;
				CLANG_WARN_COMMA = YES;
				CLANG_WARN_CONSTANT_CONVERSION = YES;
				CLANG_WARN_DEPRECATED_OBJC_IMPLEMENTATIONS = YES;
				CLANG_WARN_DIRECT_OBJC_ISA_USAGE = YES_ERROR;
				CLANG_WARN_DOCUMENTATION_COMMENTS = YES;
				CLANG_WARN_EMPTY_BODY = YES;
				CLANG_WARN_ENUM_CONVERSION = YES;
				CLANG_WARN_INFINITE_RECURSION = YES;
				CLANG_WARN_INT_CONVERSION = YES;
				CLANG_WARN_NON_LITERAL_NULL_CONVERSION = YES;
				CLANG_WARN_OBJC_IMPLICIT_RETAIN_SELF = YES;
				CLANG_WARN_OBJC_LITERAL_CONVERSION = YES;
				CLANG_WARN_OBJC_ROOT_CLASS = YES_ERROR;
				CLANG_WARN_RANGE_LOOP_ANALYSIS = YES;
				CLANG_WARN_STRICT_PROTOTYPES = YES;
				CLANG_WARN_SUSPICIOUS_MOVE = YES;
				CLANG_WARN_UNGUARDED_AVAILABILITY = YES_AGGRESSIVE;
				CLANG_WARN_UNREACHABLE_CODE = YES;
				CLANG_WARN__DUPLICATE_METHOD_MATCH = YES;
				CODE_SIGN_IDENTITY = "-";
				COPY_PHASE_STRIP = NO;
				DEBUG_INFORMATION_FORMAT = dwarf;
				ENABLE_STRICT_OBJC_MSGSEND = YES;
				ENABLE_TESTABILITY = YES;
				GCC_C_LANGUAGE_STANDARD = gnu11;
				GCC_DYNAMIC_NO_PIC = NO;
				GCC_NO_COMMON_BLOCKS = YES;
				GCC_OPTIMIZATION_LEVEL = 0;
				GCC_PREPROCESSOR_DEFINITIONS = (
					"DEBUG=1",
					"$(inherited)",
				);
				GCC_WARN_64_TO_32_BIT_CONVERSION = YES;
				GCC_WARN_ABOUT_RETURN_TYPE = YES_ERROR;
				GCC_WARN_UNDECLARED_SELECTOR = YES;
				GCC_WARN_UNINITIALIZED_AUTOS = YES_AGGRESSIVE;
				GCC_WARN_UNUSED_FUNCTION = YES;
				GCC_WARN_UNUSED_VARIABLE = YES;
				MACOSX_DEPLOYMENT_TARGET = 10.14;
				MTL_ENABLE_DEBUG_INFO = INCLUDE_SOURCE;
				MTL_FAST_MATH = YES;
				ONLY_ACTIVE_ARCH = YES;
				SDKROOT = macosx;
				SWIFT_ACTIVE_COMPILATION_CONDITIONS = DEBUG;
				SWIFT_OPTIMIZATION_LEVEL = "-Onone";
			};
			name = Debug;
		};
		A5629BB8224739DA0054B0C4 /* Release */ = {
			isa = XCBuildConfiguration;
			buildSettings = {
				ALWAYS_SEARCH_USER_PATHS = NO;
				CLANG_ANALYZER_NONNULL = YES;
				CLANG_ANALYZER_NUMBER_OBJECT_CONVERSION = YES_AGGRESSIVE;
				CLANG_CXX_LANGUAGE_STANDARD = "gnu++14";
				CLANG_CXX_LIBRARY = "libc++";
				CLANG_ENABLE_MODULES = YES;
				CLANG_ENABLE_OBJC_ARC = YES;
				CLANG_ENABLE_OBJC_WEAK = YES;
				CLANG_WARN_BLOCK_CAPTURE_AUTORELEASING = YES;
				CLANG_WARN_BOOL_CONVERSION = YES;
				CLANG_WARN_COMMA = YES;
				CLANG_WARN_CONSTANT_CONVERSION = YES;
				CLANG_WARN_DEPRECATED_OBJC_IMPLEMENTATIONS = YES;
				CLANG_WARN_DIRECT_OBJC_ISA_USAGE = YES_ERROR;
				CLANG_WARN_DOCUMENTATION_COMMENTS = YES;
				CLANG_WARN_EMPTY_BODY = YES;
				CLANG_WARN_ENUM_CONVERSION = YES;
				CLANG_WARN_INFINITE_RECURSION = YES;
				CLANG_WARN_INT_CONVERSION = YES;
				CLANG_WARN_NON_LITERAL_NULL_CONVERSION = YES;
				CLANG_WARN_OBJC_IMPLICIT_RETAIN_SELF = YES;
				CLANG_WARN_OBJC_LITERAL_CONVERSION = YES;
				CLANG_WARN_OBJC_ROOT_CLASS = YES_ERROR;
				CLANG_WARN_RANGE_LOOP_ANALYSIS = YES;
				CLANG_WARN_STRICT_PROTOTYPES = YES;
				CLANG_WARN_SUSPICIOUS_MOVE = YES;
				CLANG_WARN_UNGUARDED_AVAILABILITY = YES_AGGRESSIVE;
				CLANG_WARN_UNREACHABLE_CODE = YES;
				CLANG_WARN__DUPLICATE_METHOD_MATCH = YES;
				CODE_SIGN_IDENTITY = "-";
				COPY_PHASE_STRIP = NO;
				DEBUG_INFORMATION_FORMAT = "dwarf-with-dsym";
				ENABLE_NS_ASSERTIONS = NO;
				ENABLE_STRICT_OBJC_MSGSEND = YES;
				GCC_C_LANGUAGE_STANDARD = gnu11;
				GCC_NO_COMMON_BLOCKS = YES;
				GCC_WARN_64_TO_32_BIT_CONVERSION = YES;
				GCC_WARN_ABOUT_RETURN_TYPE = YES_ERROR;
				GCC_WARN_UNDECLARED_SELECTOR = YES;
				GCC_WARN_UNINITIALIZED_AUTOS = YES_AGGRESSIVE;
				GCC_WARN_UNUSED_FUNCTION = YES;
				GCC_WARN_UNUSED_VARIABLE = YES;
				MACOSX_DEPLOYMENT_TARGET = 10.14;
				MTL_ENABLE_DEBUG_INFO = NO;
				MTL_FAST_MATH = YES;
				SDKROOT = macosx;
				SWIFT_COMPILATION_MODE = wholemodule;
				SWIFT_OPTIMIZATION_LEVEL = "-O";
			};
			name = Release;
		};
		A5629BBA224739DA0054B0C4 /* Debug */ = {
			isa = XCBuildConfiguration;
			buildSettings = {
				ASSETCATALOG_COMPILER_APPICON_NAME = AppIcon;
				CODE_SIGN_ENTITLEMENTS = "DVDScreenSaver-TestApp/DVDScreenSaver_TestApp.entitlements";
				CODE_SIGN_STYLE = Automatic;
				COMBINE_HIDPI_IMAGES = YES;
				INFOPLIST_FILE = "DVDScreenSaver-TestApp/Info.plist";
				LD_RUNPATH_SEARCH_PATHS = (
					"$(inherited)",
					"@executable_path/../Frameworks",
				);
				PRODUCT_BUNDLE_IDENTIFIER = "com.kainjow.DVDScreenSaver-TestApp";
				PRODUCT_NAME = "$(TARGET_NAME)";
				SWIFT_VERSION = 4.2;
			};
			name = Debug;
		};
		A5629BBB224739DA0054B0C4 /* Release */ = {
			isa = XCBuildConfiguration;
			buildSettings = {
				ASSETCATALOG_COMPILER_APPICON_NAME = AppIcon;
				CODE_SIGN_ENTITLEMENTS = "DVDScreenSaver-TestApp/DVDScreenSaver_TestApp.entitlements";
				CODE_SIGN_STYLE = Automatic;
				COMBINE_HIDPI_IMAGES = YES;
				INFOPLIST_FILE = "DVDScreenSaver-TestApp/Info.plist";
				LD_RUNPATH_SEARCH_PATHS = (
					"$(inherited)",
					"@executable_path/../Frameworks",
				);
				PRODUCT_BUNDLE_IDENTIFIER = "com.kainjow.DVDScreenSaver-TestApp";
				PRODUCT_NAME = "$(TARGET_NAME)";
				SWIFT_VERSION = 4.2;
			};
			name = Release;
		};
/* End XCBuildConfiguration section */

/* Begin XCConfigurationList section */
		A5629BA6224739D80054B0C4 /* Build configuration list for PBXProject "DVDScreenSaver" */ = {
			isa = XCConfigurationList;
			buildConfigurations = (
				A5629BB7224739DA0054B0C4 /* Debug */,
				A5629BB8224739DA0054B0C4 /* Release */,
			);
			defaultConfigurationIsVisible = 0;
			defaultConfigurationName = Release;
		};
		A5629BB9224739DA0054B0C4 /* Build configuration list for PBXNativeTarget "DVDScreenSaver-TestApp" */ = {
			isa = XCConfigurationList;
			buildConfigurations = (
				A5629BBA224739DA0054B0C4 /* Debug */,
				A5629BBB224739DA0054B0C4 /* Release */,
			);
			defaultConfigurationIsVisible = 0;
			defaultConfigurationName = Release;
		};
/* End XCConfigurationList section */
	};
	rootObject = A5629BA3224739D80054B0C4 /* Project object */;
}
